
Microsoft Visual Studio Solution File, Format Version 12.00
# Visual Studio Version 16
VisualStudioVersion = 16.0.31605.320
MinimumVisualStudioVersion = 10.0.40219.1
Project("{FAE04EC0-301F-11D3-BF4B-00C04F79EFBC}") = "LoginandR", "LoginandR.csproj", "{B30AD178-6C7A-4E9B-93FD-A144FD3C820B}"
EndProject
Global
	GlobalSection(SolutionConfigurationPlatforms) = preSolution
		Debug|Any CPU = Debug|Any CPU
		Release|Any CPU = Release|Any CPU
	EndGlobalSection
	GlobalSection(ProjectConfigurationPlatforms) = postSolution
		{B30AD178-6C7A-4E9B-93FD-A144FD3C820B}.Debug|Any CPU.ActiveCfg = Debug|Any CPU
		{B30AD178-6C7A-4E9B-93FD-A144FD3C820B}.Debug|Any CPU.Build.0 = Debug|Any CPU
		{B30AD178-6C7A-4E9B-93FD-A144FD3C820B}.Release|Any CPU.ActiveCfg = Release|Any CPU
		{B30AD178-6C7A-4E9B-93FD-A144FD3C820B}.Release|Any CPU.Build.0 = Release|Any CPU
	EndGlobalSection
	GlobalSection(SolutionProperties) = preSolution
		HideSolutionNode = FALSE
	EndGlobalSection
	GlobalSection(ExtensibilityGlobals) = postSolution
		SolutionGuid = {ED3580E4-4274-456E-925F-85AC2FFFCCC5}
	EndGlobalSection
EndGlobal
